
Microsoft Visual Studio Solution File, Format Version 12.00
# Visual Studio Version 16
VisualStudioVersion = 16.0.30523.141
MinimumVisualStudioVersion = 10.0.40219.1
Project("{8BC9CEB8-8B4A-11D0-8D11-00A0C91BC942}") = "infix", "infix\infix.vcxproj", "{E7F83D15-82D3-4FAD-BCDC-0CE07C4762AD}"
EndProject
Project("{8BC9CEB8-8B4A-11D0-8D11-00A0C91BC942}") = "postfix", "postfix\postfix.vcxproj", "{AF828CA7-4B7C-4B57-8064-64CC0A5B04AE}"
EndProject
Project("{8BC9CEB8-8B4A-11D0-8D11-00A0C91BC942}") = "infixall", "infixall\infixall.vcxproj", "{6E309B39-EEB9-4AB4-B0B0-9876069A9125}"
EndProject
Project("{8BC9CEB8-8B4A-11D0-8D11-00A0C91BC942}") = "playground", "playground\playground.vcxproj", "{856EB3D4-C3C2-486E-AD38-2F4C15582199}"
EndProject
Project("{8BC9CEB8-8B4A-11D0-8D11-00A0C91BC942}") = "liststack", "liststack\liststack.vcxproj", "{B4DCA077-54EE-4623-8F06-24DB22BBCE13}"
EndProject
Project("{8BC9CEB8-8B4A-11D0-8D11-00A0C91BC942}") = "listnode", "listnode\listnode.vcxproj", "{A1F1BA63-F275-49BF-BC68-EDB576A7D435}"
EndProject
Project("{8BC9CEB8-8B4A-11D0-8D11-00A0C91BC942}") = "listdbl", "listdbl\listdbl.vcxproj", "{5DFD05FD-F9AD-4079-9013-1BEB7FF043DD}"
EndProject
Project("{8BC9CEB8-8B4A-11D0-8D11-00A0C91BC942}") = "tree", "tree\tree.vcxproj", "{4968F488-B7F6-46F0-898C-803632324083}"
EndProject
Project("{8BC9CEB8-8B4A-11D0-8D11-00A0C91BC942}") = "heap", "heap\heap.vcxproj", "{2B7AA501-5E85-432A-B666-09215B0A279E}"
EndProject
Project("{8BC9CEB8-8B4A-11D0-8D11-00A0C91BC942}") = "heapsort", "heapsort\heapsort.vcxproj", "{FA28C1D0-4518-4811-A6F9-0DD5D7C140B0}"
EndProject
Project("{8BC9CEB8-8B4A-11D0-8D11-00A0C91BC942}") = "graph", "graph\graph.vcxproj", "{C79A331D-F9D6-4856-B72C-067531DD36A4}"
EndProject
Project("{8BC9CEB8-8B4A-11D0-8D11-00A0C91BC942}") = "Hash1", "Hash\Hash.vcxproj", "{65A5C856-F5F6-4D35-939E-627822EB485C}"
EndProject
Project("{8BC9CEB8-8B4A-11D0-8D11-00A0C91BC942}") = "Hash2", "Hash2\Hash2.vcxproj", "{7E50DCD3-F625-4CF0-A438-ED3192A87458}"
EndProject
Project("{8BC9CEB8-8B4A-11D0-8D11-00A0C91BC942}") = "hashmap", "hashmap\hashmap.vcxproj", "{698FD66F-3BC5-4B40-91F8-A35DC0151B3D}"
EndProject
Global
	GlobalSection(SolutionConfigurationPlatforms) = preSolution
		Debug|x64 = Debug|x64
		Debug|x86 = Debug|x86
		Release|x64 = Release|x64
		Release|x86 = Release|x86
	EndGlobalSection
	GlobalSection(ProjectConfigurationPlatforms) = postSolution
		{E7F83D15-82D3-4FAD-BCDC-0CE07C4762AD}.Debug|x64.ActiveCfg = Debug|x64
		{E7F83D15-82D3-4FAD-BCDC-0CE07C4762AD}.Debug|x64.Build.0 = Debug|x64
		{E7F83D15-82D3-4FAD-BCDC-0CE07C4762AD}.Debug|x86.ActiveCfg = Debug|Win32
		{E7F83D15-82D3-4FAD-BCDC-0CE07C4762AD}.Debug|x86.Build.0 = Debug|Win32
		{E7F83D15-82D3-4FAD-BCDC-0CE07C4762AD}.Release|x64.ActiveCfg = Release|x64
		{E7F83D15-82D3-4FAD-BCDC-0CE07C4762AD}.Release|x64.Build.0 = Release|x64
		{E7F83D15-82D3-4FAD-BCDC-0CE07C4762AD}.Release|x86.ActiveCfg = Release|Win32
		{E7F83D15-82D3-4FAD-BCDC-0CE07C4762AD}.Release|x86.Build.0 = Release|Win32
		{AF828CA7-4B7C-4B57-8064-64CC0A5B04AE}.Debug|x64.ActiveCfg = Debug|x64
		{AF828CA7-4B7C-4B57-8064-64CC0A5B04AE}.Debug|x64.Build.0 = Debug|x64
		{AF828CA7-4B7C-4B57-8064-64CC0A5B04AE}.Debug|x86.ActiveCfg = Debug|Win32
		{AF828CA7-4B7C-4B57-8064-64CC0A5B04AE}.Debug|x86.Build.0 = Debug|Win32
		{AF828CA7-4B7C-4B57-8064-64CC0A5B04AE}.Release|x64.ActiveCfg = Release|x64
		{AF828CA7-4B7C-4B57-8064-64CC0A5B04AE}.Release|x64.Build.0 = Release|x64
		{AF828CA7-4B7C-4B57-8064-64CC0A5B04AE}.Release|x86.ActiveCfg = Release|Win32
		{AF828CA7-4B7C-4B57-8064-64CC0A5B04AE}.Release|x86.Build.0 = Release|Win32
		{6E309B39-EEB9-4AB4-B0B0-9876069A9125}.Debug|x64.ActiveCfg = Debug|x64
		{6E309B39-EEB9-4AB4-B0B0-9876069A9125}.Debug|x64.Build.0 = Debug|x64
		{6E309B39-EEB9-4AB4-B0B0-9876069A9125}.Debug|x86.ActiveCfg = Debug|Win32
		{6E309B39-EEB9-4AB4-B0B0-9876069A9125}.Debug|x86.Build.0 = Debug|Win32
		{6E309B39-EEB9-4AB4-B0B0-9876069A9125}.Release|x64.ActiveCfg = Release|x64
		{6E309B39-EEB9-4AB4-B0B0-9876069A9125}.Release|x64.Build.0 = Release|x64
		{6E309B39-EEB9-4AB4-B0B0-9876069A9125}.Release|x86.ActiveCfg = Release|Win32
		{6E309B39-EEB9-4AB4-B0B0-9876069A9125}.Release|x86.Build.0 = Release|Win32
		{856EB3D4-C3C2-486E-AD38-2F4C15582199}.Debug|x64.ActiveCfg = Debug|x64
		{856EB3D4-C3C2-486E-AD38-2F4C15582199}.Debug|x64.Build.0 = Debug|x64
		{856EB3D4-C3C2-486E-AD38-2F4C15582199}.Debug|x86.ActiveCfg = Debug|Win32
		{856EB3D4-C3C2-486E-AD38-2F4C15582199}.Debug|x86.Build.0 = Debug|Win32
		{856EB3D4-C3C2-486E-AD38-2F4C15582199}.Release|x64.ActiveCfg = Release|x64
		{856EB3D4-C3C2-486E-AD38-2F4C15582199}.Release|x64.Build.0 = Release|x64
		{856EB3D4-C3C2-486E-AD38-2F4C15582199}.Release|x86.ActiveCfg = Release|Win32
		{856EB3D4-C3C2-486E-AD38-2F4C15582199}.Release|x86.Build.0 = Release|Win32
		{B4DCA077-54EE-4623-8F06-24DB22BBCE13}.Debug|x64.ActiveCfg = Debug|x64
		{B4DCA077-54EE-4623-8F06-24DB22BBCE13}.Debug|x64.Build.0 = Debug|x64
		{B4DCA077-54EE-4623-8F06-24DB22BBCE13}.Debug|x86.ActiveCfg = Debug|Win32
		{B4DCA077-54EE-4623-8F06-24DB22BBCE13}.Debug|x86.Build.0 = Debug|Win32
		{B4DCA077-54EE-4623-8F06-24DB22BBCE13}.Release|x64.ActiveCfg = Release|x64
		{B4DCA077-54EE-4623-8F06-24DB22BBCE13}.Release|x64.Build.0 = Release|x64
		{B4DCA077-54EE-4623-8F06-24DB22BBCE13}.Release|x86.ActiveCfg = Release|Win32
		{B4DCA077-54EE-4623-8F06-24DB22BBCE13}.Release|x86.Build.0 = Release|Win32
		{A1F1BA63-F275-49BF-BC68-EDB576A7D435}.Debug|x64.ActiveCfg = Debug|x64
		{A1F1BA63-F275-49BF-BC68-EDB576A7D435}.Debug|x64.Build.0 = Debug|x64
		{A1F1BA63-F275-49BF-BC68-EDB576A7D435}.Debug|x86.ActiveCfg = Debug|Win32
		{A1F1BA63-F275-49BF-BC68-EDB576A7D435}.Debug|x86.Build.0 = Debug|Win32
		{A1F1BA63-F275-49BF-BC68-EDB576A7D435}.Release|x64.ActiveCfg = Release|x64
		{A1F1BA63-F275-49BF-BC68-EDB576A7D435}.Release|x64.Build.0 = Release|x64
		{A1F1BA63-F275-49BF-BC68-EDB576A7D435}.Release|x86.ActiveCfg = Release|Win32
		{A1F1BA63-F275-49BF-BC68-EDB576A7D435}.Release|x86.Build.0 = Release|Win32
		{5DFD05FD-F9AD-4079-9013-1BEB7FF043DD}.Debug|x64.ActiveCfg = Debug|x64
		{5DFD05FD-F9AD-4079-9013-1BEB7FF043DD}.Debug|x64.Build.0 = Debug|x64
		{5DFD05FD-F9AD-4079-9013-1BEB7FF043DD}.Debug|x86.ActiveCfg = Debug|Win32
		{5DFD05FD-F9AD-4079-9013-1BEB7FF043DD}.Debug|x86.Build.0 = Debug|Win32
		{5DFD05FD-F9AD-4079-9013-1BEB7FF043DD}.Release|x64.ActiveCfg = Release|x64
		{5DFD05FD-F9AD-4079-9013-1BEB7FF043DD}.Release|x64.Build.0 = Release|x64
		{5DFD05FD-F9AD-4079-9013-1BEB7FF043DD}.Release|x86.ActiveCfg = Release|Win32
		{5DFD05FD-F9AD-4079-9013-1BEB7FF043DD}.Release|x86.Build.0 = Release|Win32
		{4968F488-B7F6-46F0-898C-803632324083}.Debug|x64.ActiveCfg = Debug|x64
		{4968F488-B7F6-46F0-898C-803632324083}.Debug|x64.Build.0 = Debug|x64
		{4968F488-B7F6-46F0-898C-803632324083}.Debug|x86.ActiveCfg = Debug|x64
		{4968F488-B7F6-46F0-898C-803632324083}.Debug|x86.Build.0 = Debug|x64
		{4968F488-B7F6-46F0-898C-803632324083}.Release|x64.ActiveCfg = Release|x64
		{4968F488-B7F6-46F0-898C-803632324083}.Release|x64.Build.0 = Release|x64
		{4968F488-B7F6-46F0-898C-803632324083}.Release|x86.ActiveCfg = Release|Win32
		{4968F488-B7F6-46F0-898C-803632324083}.Release|x86.Build.0 = Release|Win32
		{2B7AA501-5E85-432A-B666-09215B0A279E}.Debug|x64.ActiveCfg = Debug|x64
		{2B7AA501-5E85-432A-B666-09215B0A279E}.Debug|x64.Build.0 = Debug|x64
		{2B7AA501-5E85-432A-B666-09215B0A279E}.Debug|x86.ActiveCfg = Debug|Win32
		{2B7AA501-5E85-432A-B666-09215B0A279E}.Debug|x86.Build.0 = Debug|Win32
		{2B7AA501-5E85-432A-B666-09215B0A279E}.Release|x64.ActiveCfg = Release|x64
		{2B7AA501-5E85-432A-B666-09215B0A279E}.Release|x64.Build.0 = Release|x64
		{2B7AA501-5E85-432A-B666-09215B0A279E}.Release|x86.ActiveCfg = Release|Win32
		{2B7AA501-5E85-432A-B666-09215B0A279E}.Release|x86.Build.0 = Release|Win32
		{FA28C1D0-4518-4811-A6F9-0DD5D7C140B0}.Debug|x64.ActiveCfg = Debug|x64
		{FA28C1D0-4518-4811-A6F9-0DD5D7C140B0}.Debug|x64.Build.0 = Debug|x64
		{FA28C1D0-4518-4811-A6F9-0DD5D7C140B0}.Debug|x86.ActiveCfg = Debug|Win32
		{FA28C1D0-4518-4811-A6F9-0DD5D7C140B0}.Debug|x86.Build.0 = Debug|Win32
		{FA28C1D0-4518-4811-A6F9-0DD5D7C140B0}.Release|x64.ActiveCfg = Release|x64
		{FA28C1D0-4518-4811-A6F9-0DD5D7C140B0}.Release|x64.Build.0 = Release|x64
		{FA28C1D0-4518-4811-A6F9-0DD5D7C140B0}.Release|x86.ActiveCfg = Release|Win32
		{FA28C1D0-4518-4811-A6F9-0DD5D7C140B0}.Release|x86.Build.0 = Release|Win32
		{C79A331D-F9D6-4856-B72C-067531DD36A4}.Debug|x64.ActiveCfg = Debug|x64
		{C79A331D-F9D6-4856-B72C-067531DD36A4}.Debug|x64.Build.0 = Debug|x64
		{C79A331D-F9D6-4856-B72C-067531DD36A4}.Debug|x86.ActiveCfg = Debug|Win32
		{C79A331D-F9D6-4856-B72C-067531DD36A4}.Debug|x86.Build.0 = Debug|Win32
		{C79A331D-F9D6-4856-B72C-067531DD36A4}.Release|x64.ActiveCfg = Release|x64
		{C79A331D-F9D6-4856-B72C-067531DD36A4}.Release|x64.Build.0 = Release|x64
		{C79A331D-F9D6-4856-B72C-067531DD36A4}.Release|x86.ActiveCfg = Release|Win32
		{C79A331D-F9D6-4856-B72C-067531DD36A4}.Release|x86.Build.0 = Release|Win32
		{65A5C856-F5F6-4D35-939E-627822EB485C}.Debug|x64.ActiveCfg = Debug|x64
		{65A5C856-F5F6-4D35-939E-627822EB485C}.Debug|x64.Build.0 = Debug|x64
		{65A5C856-F5F6-4D35-939E-627822EB485C}.Debug|x86.ActiveCfg = Debug|Win32
		{65A5C856-F5F6-4D35-939E-627822EB485C}.Debug|x86.Build.0 = Debug|Win32
		{65A5C856-F5F6-4D35-939E-627822EB485C}.Release|x64.ActiveCfg = Release|x64
		{65A5C856-F5F6-4D35-939E-627822EB485C}.Release|x64.Build.0 = Release|x64
		{65A5C856-F5F6-4D35-939E-627822EB485C}.Release|x86.ActiveCfg = Release|Win32
		{65A5C856-F5F6-4D35-939E-627822EB485C}.Release|x86.Build.0 = Release|Win32
		{7E50DCD3-F625-4CF0-A438-ED3192A87458}.Debug|x64.ActiveCfg = Debug|x64
		{7E50DCD3-F625-4CF0-A438-ED3192A87458}.Debug|x64.Build.0 = Debug|x64
		{7E50DCD3-F625-4CF0-A438-ED3192A87458}.Debug|x86.ActiveCfg = Debug|Win32
		{7E50DCD3-F625-4CF0-A438-ED3192A87458}.Debug|x86.Build.0 = Debug|Win32
		{7E50DCD3-F625-4CF0-A438-ED3192A87458}.Release|x64.ActiveCfg = Release|x64
		{7E50DCD3-F625-4CF0-A438-ED3192A87458}.Release|x64.Build.0 = Release|x64
		{7E50DCD3-F625-4CF0-A438-ED3192A87458}.Release|x86.ActiveCfg = Release|Win32
		{7E50DCD3-F625-4CF0-A438-ED3192A87458}.Release|x86.Build.0 = Release|Win32
		{698FD66F-3BC5-4B40-91F8-A35DC0151B3D}.Debug|x64.ActiveCfg = Debug|x64
		{698FD66F-3BC5-4B40-91F8-A35DC0151B3D}.Debug|x64.Build.0 = Debug|x64
		{698FD66F-3BC5-4B40-91F8-A35DC0151B3D}.Debug|x86.ActiveCfg = Debug|Win32
		{698FD66F-3BC5-4B40-91F8-A35DC0151B3D}.Debug|x86.Build.0 = Debug|Win32
		{698FD66F-3BC5-4B40-91F8-A35DC0151B3D}.Release|x64.ActiveCfg = Release|x64
		{698FD66F-3BC5-4B40-91F8-A35DC0151B3D}.Release|x64.Build.0 = Release|x64
		{698FD66F-3BC5-4B40-91F8-A35DC0151B3D}.Release|x86.ActiveCfg = Release|Win32
		{698FD66F-3BC5-4B40-91F8-A35DC0151B3D}.Release|x86.Build.0 = Release|Win32
	EndGlobalSection
	GlobalSection(SolutionProperties) = preSolution
		HideSolutionNode = FALSE
	EndGlobalSection
	GlobalSection(ExtensibilityGlobals) = postSolution
		SolutionGuid = {2EE70C59-2E38-4E07-BF87-D028AEFB38B6}
	EndGlobalSection
EndGlobal
